{
  "name": "2021_TP_PPS_Comanda_1_cuatri",
  "lockfileVersion": 2,
  "requires": true,
  "packages": {
    "": {
      "dependencies": {
        "@capacitor/splash-screen": "^1.0.0"
      }
    },
    "node_modules/@capacitor/core": {
      "version": "3.0.0",
      "resolved": "https://registry.npmjs.org/@capacitor/core/-/core-3.0.0.tgz",
      "integrity": "sha512-JmKE6QEayo8MqWcApwMP5YFimpVb2mcIEHBwgP/P9nSAOxOcbdpJyd9HhBt5pzZAE1MBngPADWWwZLrdNSjCnA==",
      "peer": true,
      "dependencies": {
        "tslib": "^2.1.0"
      }
    },
    "node_modules/@capacitor/splash-screen": {
      "version": "1.0.0",
      "resolved": "https://registry.npmjs.org/@capacitor/splash-screen/-/splash-screen-1.0.0.tgz",
      "integrity": "sha512-+Z6/82PsF3bPHBpK7enItWyRh7LbMF7DvpGVHSRaiLxa1vDgttmB8YBlSs9nCb7gGPg10KQs51vfkyGuIh3YHA==",
      "peerDependencies": {
        "@capacitor/core": "3.0.0"
      }
    },
    "node_modules/tslib": {
      "version": "2.2.0",
      "resolved": "https://registry.npmjs.org/tslib/-/tslib-2.2.0.tgz",
      "integrity": "sha512-gS9GVHRU+RGn5KQM2rllAlR3dU6m7AcpJKdtH8gFvQiC4Otgk98XnmMU+nZenHt/+VhnBPWwgrJsyrdcw6i23w==",
      "peer": true
    }
  },
  "dependencies": {
    "@capacitor/core": {
      "version": "3.0.0",
      "resolved": "https://registry.npmjs.org/@capacitor/core/-/core-3.0.0.tgz",
      "integrity": "sha512-JmKE6QEayo8MqWcApwMP5YFimpVb2mcIEHBwgP/P9nSAOxOcbdpJyd9HhBt5pzZAE1MBngPADWWwZLrdNSjCnA==",
      "peer": true,
      "requires": {
        "tslib": "^2.1.0"
      }
    },
    "@capacitor/splash-screen": {
      "version": "1.0.0",
      "resolved": "https://registry.npmjs.org/@capacitor/splash-screen/-/splash-screen-1.0.0.tgz",
      "integrity": "sha512-+Z6/82PsF3bPHBpK7enItWyRh7LbMF7DvpGVHSRaiLxa1vDgttmB8YBlSs9nCb7gGPg10KQs51vfkyGuIh3YHA==",
      "requires": {}
    },
    "tslib": {
      "version": "2.2.0",
      "resolved": "https://registry.npmjs.org/tslib/-/tslib-2.2.0.tgz",
      "integrity": "sha512-gS9GVHRU+RGn5KQM2rllAlR3dU6m7AcpJKdtH8gFvQiC4Otgk98XnmMU+nZenHt/+VhnBPWwgrJsyrdcw6i23w==",
      "peer": true
    }
  }
}
